
Microsoft Visual Studio Solution File, Format Version 12.00
Project("{FAE04EC0-301F-11D3-BF4B-00C04F79EFBC}") = "TestApp", "TestApp\TestApp.csproj", "{F33EA31D-C0F9-4AAB-8272-705F814EF299}"
EndProject
Project("{FAE04EC0-301F-11D3-BF4B-00C04F79EFBC}") = "DraigCore", "DraigCore\DraigCore.csproj", "{0C91EFF7-AA0B-40CB-BC7C-B33492177450}"
EndProject
Project("{2150E333-8FDC-42A3-9474-1A3956D46DE8}") = "_info", "_info", "{C8A4B9AC-8CA1-44C7-8B26-2598BDDE5C61}"
	ProjectSection(SolutionItems) = preProject
		..\..\.gitignore = ..\..\.gitignore
		..\..\LICENSE = ..\..\LICENSE
		..\..\README.md = ..\..\README.md
	EndProjectSection
EndProject
Project("{FAE04EC0-301F-11D3-BF4B-00C04F79EFBC}") = "Tests", "Tests\Tests.csproj", "{3984573F-DBBB-440B-B2A4-B0ECC56CA336}"
EndProject
Global
	GlobalSection(SolutionConfigurationPlatforms) = preSolution
		Debug|Any CPU = Debug|Any CPU
		Release|Any CPU = Release|Any CPU
	EndGlobalSection
	GlobalSection(ProjectConfigurationPlatforms) = postSolution
		{F33EA31D-C0F9-4AAB-8272-705F814EF299}.Debug|Any CPU.ActiveCfg = Debug|Any CPU
		{F33EA31D-C0F9-4AAB-8272-705F814EF299}.Debug|Any CPU.Build.0 = Debug|Any CPU
		{F33EA31D-C0F9-4AAB-8272-705F814EF299}.Release|Any CPU.ActiveCfg = Release|Any CPU
		{F33EA31D-C0F9-4AAB-8272-705F814EF299}.Release|Any CPU.Build.0 = Release|Any CPU
		{0C91EFF7-AA0B-40CB-BC7C-B33492177450}.Debug|Any CPU.ActiveCfg = Debug|Any CPU
		{0C91EFF7-AA0B-40CB-BC7C-B33492177450}.Debug|Any CPU.Build.0 = Debug|Any CPU
		{0C91EFF7-AA0B-40CB-BC7C-B33492177450}.Release|Any CPU.ActiveCfg = Release|Any CPU
		{0C91EFF7-AA0B-40CB-BC7C-B33492177450}.Release|Any CPU.Build.0 = Release|Any CPU
		{3984573F-DBBB-440B-B2A4-B0ECC56CA336}.Debug|Any CPU.ActiveCfg = Debug|Any CPU
		{3984573F-DBBB-440B-B2A4-B0ECC56CA336}.Debug|Any CPU.Build.0 = Debug|Any CPU
		{3984573F-DBBB-440B-B2A4-B0ECC56CA336}.Release|Any CPU.ActiveCfg = Release|Any CPU
		{3984573F-DBBB-440B-B2A4-B0ECC56CA336}.Release|Any CPU.Build.0 = Release|Any CPU
	EndGlobalSection
EndGlobal
